
Microsoft Visual Studio Solution File, Format Version 12.00
# Visual Studio 2013
VisualStudioVersion = 12.0.21005.1
MinimumVisualStudioVersion = 10.0.40219.1
Project("{2150E333-8FDC-42A3-9474-1A3956D46DE8}") = "Controllers", "Controllers", "{576E144D-632E-4766-B4D3-F12788C9E92E}"
	ProjectSection(SolutionItems) = preProject
		HY.MiPlate.UI.Controllers.Data\packages.config = HY.MiPlate.UI.Controllers.Data\packages.config
	EndProjectSection
EndProject
Project("{2150E333-8FDC-42A3-9474-1A3956D46DE8}") = "Routes", "Routes", "{75777F3F-4D36-4B1E-97E2-DD5AEE3FE7C8}"
EndProject
Project("{2150E333-8FDC-42A3-9474-1A3956D46DE8}") = "Shared", "Shared", "{4A04D0DB-6E7A-4846-BD3E-977A598C1F13}"
EndProject
Project("{2150E333-8FDC-42A3-9474-1A3956D46DE8}") = "Models", "Models", "{D582E008-8860-4A3B-AA2D-49E32838D0CE}"
EndProject
Project("{2150E333-8FDC-42A3-9474-1A3956D46DE8}") = "Views", "Views", "{4E1484D0-F4D1-4010-BDE1-0D6239AA450D}"
EndProject
Project("{2150E333-8FDC-42A3-9474-1A3956D46DE8}") = "Repository", "Repository", "{AE257623-459B-47F8-92F4-EAAFBCA6854A}"
EndProject
Project("{2150E333-8FDC-42A3-9474-1A3956D46DE8}") = "Domain", "Domain", "{073941AC-E108-449A-9335-43443AD523DB}"
EndProject
Project("{FAE04EC0-301F-11D3-BF4B-00C04F79EFBC}") = "HY.MiPlate.UI.Controllers.Data", "HY.MiPlate.UI.Controllers.Data\HY.MiPlate.UI.Controllers.Data.csproj", "{73B8D634-BB50-4463-BC7C-AC19D44D5FA5}"
EndProject
Project("{FAE04EC0-301F-11D3-BF4B-00C04F79EFBC}") = "HY.MiPlate.UI.Controllers.View", "HY.MiPlate.UI.Controllers.View\HY.MiPlate.UI.Controllers.View.csproj", "{02823DD0-83E5-45F3-A554-4C421EE92B15}"
EndProject
Project("{FAE04EC0-301F-11D3-BF4B-00C04F79EFBC}") = "HY.MiPlate.UI.Domain", "HY.MiPlate.UI.Domain\HY.MiPlate.UI.Domain.csproj", "{63B94D7F-374D-4177-9A4A-E2622EDDF3DA}"
EndProject
Project("{FAE04EC0-301F-11D3-BF4B-00C04F79EFBC}") = "HY.MiPlate.UI.Models", "HY.MiPlate.UI.Models\HY.MiPlate.UI.Models.csproj", "{A347B5A1-B8B3-4E6B-9067-A25154550129}"
EndProject
Project("{FAE04EC0-301F-11D3-BF4B-00C04F79EFBC}") = "HY.MiPlate.UI.Repository", "HY.MiPlate.UI.Repository\HY.MiPlate.UI.Repository.csproj", "{E57AC129-4331-4CA7-805E-1842E3D22906}"
EndProject
Project("{FAE04EC0-301F-11D3-BF4B-00C04F79EFBC}") = "HY.MiPlate.UI.Shared", "HY.MiPlate.UI.Shared\HY.MiPlate.UI.Shared.csproj", "{AAE47D24-F3D0-4105-BA61-E17F2433400D}"
EndProject
Project("{FAE04EC0-301F-11D3-BF4B-00C04F79EFBC}") = "HY.MiPlate.Routes", "HY.MiPlate.Routes\HY.MiPlate.Routes.csproj", "{84E3F2FE-665B-48A4-A3D8-9FB79947B5F6}"
EndProject
Project("{FAE04EC0-301F-11D3-BF4B-00C04F79EFBC}") = "HY.MiPlate.UI", "HY.MiPlate.UI\HY.MiPlate.UI.csproj", "{34C504AC-3D85-487B-95E7-69FCD2A6EFD5}"
EndProject
Project("{FAE04EC0-301F-11D3-BF4B-00C04F79EFBC}") = "HY.MiPlate.UI.Controllers.Metadata", "HY.MiPlate.UI.Controllers.Metadata\HY.MiPlate.UI.Controllers.Metadata.csproj", "{D87D70C4-4CD7-40A1-9B39-F5F49969266C}"
EndProject
Global
	GlobalSection(SolutionConfigurationPlatforms) = preSolution
		Debug|Any CPU = Debug|Any CPU
		Release|Any CPU = Release|Any CPU
	EndGlobalSection
	GlobalSection(ProjectConfigurationPlatforms) = postSolution
		{73B8D634-BB50-4463-BC7C-AC19D44D5FA5}.Debug|Any CPU.ActiveCfg = Debug|Any CPU
		{73B8D634-BB50-4463-BC7C-AC19D44D5FA5}.Debug|Any CPU.Build.0 = Debug|Any CPU
		{73B8D634-BB50-4463-BC7C-AC19D44D5FA5}.Release|Any CPU.ActiveCfg = Release|Any CPU
		{73B8D634-BB50-4463-BC7C-AC19D44D5FA5}.Release|Any CPU.Build.0 = Release|Any CPU
		{02823DD0-83E5-45F3-A554-4C421EE92B15}.Debug|Any CPU.ActiveCfg = Debug|Any CPU
		{02823DD0-83E5-45F3-A554-4C421EE92B15}.Debug|Any CPU.Build.0 = Debug|Any CPU
		{02823DD0-83E5-45F3-A554-4C421EE92B15}.Release|Any CPU.ActiveCfg = Release|Any CPU
		{02823DD0-83E5-45F3-A554-4C421EE92B15}.Release|Any CPU.Build.0 = Release|Any CPU
		{63B94D7F-374D-4177-9A4A-E2622EDDF3DA}.Debug|Any CPU.ActiveCfg = Debug|Any CPU
		{63B94D7F-374D-4177-9A4A-E2622EDDF3DA}.Debug|Any CPU.Build.0 = Debug|Any CPU
		{63B94D7F-374D-4177-9A4A-E2622EDDF3DA}.Release|Any CPU.ActiveCfg = Release|Any CPU
		{63B94D7F-374D-4177-9A4A-E2622EDDF3DA}.Release|Any CPU.Build.0 = Release|Any CPU
		{A347B5A1-B8B3-4E6B-9067-A25154550129}.Debug|Any CPU.ActiveCfg = Debug|Any CPU
		{A347B5A1-B8B3-4E6B-9067-A25154550129}.Debug|Any CPU.Build.0 = Debug|Any CPU
		{A347B5A1-B8B3-4E6B-9067-A25154550129}.Release|Any CPU.ActiveCfg = Release|Any CPU
		{A347B5A1-B8B3-4E6B-9067-A25154550129}.Release|Any CPU.Build.0 = Release|Any CPU
		{E57AC129-4331-4CA7-805E-1842E3D22906}.Debug|Any CPU.ActiveCfg = Debug|Any CPU
		{E57AC129-4331-4CA7-805E-1842E3D22906}.Debug|Any CPU.Build.0 = Debug|Any CPU
		{E57AC129-4331-4CA7-805E-1842E3D22906}.Release|Any CPU.ActiveCfg = Release|Any CPU
		{E57AC129-4331-4CA7-805E-1842E3D22906}.Release|Any CPU.Build.0 = Release|Any CPU
		{AAE47D24-F3D0-4105-BA61-E17F2433400D}.Debug|Any CPU.ActiveCfg = Debug|Any CPU
		{AAE47D24-F3D0-4105-BA61-E17F2433400D}.Debug|Any CPU.Build.0 = Debug|Any CPU
		{AAE47D24-F3D0-4105-BA61-E17F2433400D}.Release|Any CPU.ActiveCfg = Release|Any CPU
		{AAE47D24-F3D0-4105-BA61-E17F2433400D}.Release|Any CPU.Build.0 = Release|Any CPU
		{84E3F2FE-665B-48A4-A3D8-9FB79947B5F6}.Debug|Any CPU.ActiveCfg = Debug|Any CPU
		{84E3F2FE-665B-48A4-A3D8-9FB79947B5F6}.Debug|Any CPU.Build.0 = Debug|Any CPU
		{84E3F2FE-665B-48A4-A3D8-9FB79947B5F6}.Release|Any CPU.ActiveCfg = Release|Any CPU
		{84E3F2FE-665B-48A4-A3D8-9FB79947B5F6}.Release|Any CPU.Build.0 = Release|Any CPU
		{34C504AC-3D85-487B-95E7-69FCD2A6EFD5}.Debug|Any CPU.ActiveCfg = Debug|Any CPU
		{34C504AC-3D85-487B-95E7-69FCD2A6EFD5}.Debug|Any CPU.Build.0 = Debug|Any CPU
		{34C504AC-3D85-487B-95E7-69FCD2A6EFD5}.Release|Any CPU.ActiveCfg = Release|Any CPU
		{34C504AC-3D85-487B-95E7-69FCD2A6EFD5}.Release|Any CPU.Build.0 = Release|Any CPU
		{D87D70C4-4CD7-40A1-9B39-F5F49969266C}.Debug|Any CPU.ActiveCfg = Debug|Any CPU
		{D87D70C4-4CD7-40A1-9B39-F5F49969266C}.Debug|Any CPU.Build.0 = Debug|Any CPU
		{D87D70C4-4CD7-40A1-9B39-F5F49969266C}.Release|Any CPU.ActiveCfg = Release|Any CPU
		{D87D70C4-4CD7-40A1-9B39-F5F49969266C}.Release|Any CPU.Build.0 = Release|Any CPU
	EndGlobalSection
	GlobalSection(SolutionProperties) = preSolution
		HideSolutionNode = FALSE
	EndGlobalSection
	GlobalSection(NestedProjects) = preSolution
		{73B8D634-BB50-4463-BC7C-AC19D44D5FA5} = {576E144D-632E-4766-B4D3-F12788C9E92E}
		{02823DD0-83E5-45F3-A554-4C421EE92B15} = {576E144D-632E-4766-B4D3-F12788C9E92E}
		{D87D70C4-4CD7-40A1-9B39-F5F49969266C} = {576E144D-632E-4766-B4D3-F12788C9E92E}
		{84E3F2FE-665B-48A4-A3D8-9FB79947B5F6} = {75777F3F-4D36-4B1E-97E2-DD5AEE3FE7C8}
		{AAE47D24-F3D0-4105-BA61-E17F2433400D} = {4A04D0DB-6E7A-4846-BD3E-977A598C1F13}
		{A347B5A1-B8B3-4E6B-9067-A25154550129} = {D582E008-8860-4A3B-AA2D-49E32838D0CE}
		{34C504AC-3D85-487B-95E7-69FCD2A6EFD5} = {4E1484D0-F4D1-4010-BDE1-0D6239AA450D}
		{E57AC129-4331-4CA7-805E-1842E3D22906} = {AE257623-459B-47F8-92F4-EAAFBCA6854A}
		{63B94D7F-374D-4177-9A4A-E2622EDDF3DA} = {073941AC-E108-449A-9335-43443AD523DB}
	EndGlobalSection
EndGlobal
